{
  "lockfile-version": 1,
  "manifest": {
    "schema-version": "1.11.0",
    "install": {
      "cmake": {
        "pkg-path": "cmake"
      },
      "gcc": {
        "pkg-path": "gcc"
      },
      "git-lfs": {
        "pkg-path": "git-lfs"
      },
      "mido": {
        "pkg-path": "python312Packages.mido"
      },
      "pkg-config": {
        "pkg-path": "pkg-config"
      }
    },
    "hook": {},
    "profile": {},
    "options": {}
  },
  "packages": [
    {
      "attr_path": "cmake",
      "broken": false,
      "derivation": "/nix/store/xi5z1hxzarwd3w5gfaz7xvr45gqjk31f-cmake-4.1.2.drv",
      "description": "Cross-platform, open-source build system generator",
      "install_id": "cmake",
      "license": "BSD-3-Clause",
      "locked_url": "https://github.com/flox/nixpkgs?rev=c0b0e0fddf73fd517c3471e546c0df87a42d53f4",
      "name": "cmake-4.1.2",
      "pname": "cmake",
      "rev": "c0b0e0fddf73fd517c3471e546c0df87a42d53f4",
      "rev_count": 917670,
      "rev_date": "2025-12-28T06:08:05Z",
      "scrape_date": "2025-12-29T03:02:38.439047Z",
      "stabilities": [
        "unstable"
      ],
      "unfree": false,
      "version": "4.1.2",
      "outputs_to_install": [
        "out"
      ],
      "outputs": {
        "out": "/nix/store/0v5vpvwbl94qv9447jz995i4n9mx4l63-cmake-4.1.2"
      },
      "system": "aarch64-darwin",
      "group": "toplevel",
      "priority": 5
    },
    {
      "attr_path": "cmake",
      "broken": false,
      "derivation": "/nix/store/hkx321iyz8nahnrsrdl5ah7a0v05iws2-cmake-4.1.2.drv",
      "description": "Cross-platform, open-source build system generator",
      "install_id": "cmake",
      "license": "BSD-3-Clause",
      "locked_url": "https://github.com/flox/nixpkgs?rev=c0b0e0fddf73fd517c3471e546c0df87a42d53f4",
      "name": "cmake-4.1.2",
      "pname": "cmake",
      "rev": "c0b0e0fddf73fd517c3471e546c0df87a42d53f4",
      "rev_count": 917670,
      "rev_date": "2025-12-28T06:08:05Z",
      "scrape_date": "2025-12-29T03:18:00.876219Z",
      "stabilities": [
        "unstable"
      ],
      "unfree": false,
      "version": "4.1.2",
      "outputs_to_install": [
        "out"
      ],
      "outputs": {
        "debug": "/nix/store/4m6l2qb5s7vyirybbn3c5k1rv2dww1vy-cmake-4.1.2-debug",
        "out": "/nix/store/ipjw0mbzcycidbw62gsz47cgivqxm2lv-cmake-4.1.2"
      },
      "system": "aarch64-linux",
      "group": "toplevel",
      "priority": 5
    },
    {
      "attr_path": "cmake",
      "broken": false,
      "derivation": "/nix/store/9qmk3z32hznc5kisarxxyrfbclxy5ypc-cmake-4.1.2.drv",
      "description": "Cross-platform, open-source build system generator",
      "install_id": "cmake",
      "license": "BSD-3-Clause",
      "locked_url": "https://github.com/flox/nixpkgs?rev=c0b0e0fddf73fd517c3471e546c0df87a42d53f4",
      "name": "cmake-4.1.2",
      "pname": "cmake",
      "rev": "c0b0e0fddf73fd517c3471e546c0df87a42d53f4",
      "rev_count": 917670,
      "rev_date": "2025-12-28T06:08:05Z",
      "scrape_date": "2025-12-29T03:34:53.680663Z",
      "stabilities": [
        "unstable"
      ],
      "unfree": false,
      "version": "4.1.2",
      "outputs_to_install": [
        "out"
      ],
      "outputs": {
        "out": "/nix/store/i7c7r2g0zycvi7wh3rnw1dx3aglbvw2d-cmake-4.1.2"
      },
      "system": "x86_64-darwin",
      "group": "toplevel",
      "priority": 5
    },
    {
      "attr_path": "cmake",
      "broken": false,
      "derivation": "/nix/store/gnmgmrcl4s0k2xkr2mb6yqxzbjncjpyc-cmake-4.1.2.drv",
      "description": "Cross-platform, open-source build system generator",
      "install_id": "cmake",
      "license": "BSD-3-Clause",
      "locked_url": "https://github.com/flox/nixpkgs?rev=c0b0e0fddf73fd517c3471e546c0df87a42d53f4",
      "name": "cmake-4.1.2",
      "pname": "cmake",
      "rev": "c0b0e0fddf73fd517c3471e546c0df87a42d53f4",
      "rev_count": 917670,
      "rev_date": "2025-12-28T06:08:05Z",
      "scrape_date": "2025-12-29T03:50:18.456319Z",
      "stabilities": [
        "unstable"
      ],
      "unfree": false,
      "version": "4.1.2",
      "outputs_to_install": [
        "out"
      ],
      "outputs": {
        "debug": "/nix/store/pnizhra0882ijp3nilvzdzbaa0ayq4hd-cmake-4.1.2-debug",
        "out": "/nix/store/w9jm660dykns6hzrdhxmqfywnc9ail8g-cmake-4.1.2"
      },
      "system": "x86_64-linux",
      "group": "toplevel",
      "priority": 5
    },
    {
      "attr_path": "gcc",
      "broken": false,
      "derivation": "/nix/store/0zwpyqpvm24779hpvg5il0ini0nyixl9-gcc-wrapper-14.3.0.drv",
      "description": "GNU Compiler Collection, version 14.3.0 (wrapper script)",
      "install_id": "gcc",
      "license": "GPL-3.0-or-later",
      "locked_url": "https://github.com/flox/nixpkgs?rev=c0b0e0fddf73fd517c3471e546c0df87a42d53f4",
      "name": "gcc-wrapper-14.3.0",
      "pname": "gcc",
      "rev": "c0b0e0fddf73fd517c3471e546c0df87a42d53f4",
      "rev_count": 917670,
      "rev_date": "2025-12-28T06:08:05Z",
      "scrape_date": "2025-12-29T03:02:39.095287Z",
      "stabilities": [
        "unstable"
      ],
      "unfree": false,
      "version": "14.3.0",
      "outputs_to_install": [
        "man",
        "out"
      ],
      "outputs": {
        "info": "/nix/store/1lar3wzxglw0zhwzc7vly24xx36bl4ha-gcc-wrapper-14.3.0-info",
        "man": "/nix/store/hhaqbbgq8za9kglfsfj46q21r4zad67r-gcc-wrapper-14.3.0-man",
        "out": "/nix/store/8v1nfyjmlaw8a51dhrjapzipxyrhzxyp-gcc-wrapper-14.3.0"
      },
      "system": "aarch64-darwin",
      "group": "toplevel",
      "priority": 5
    },
    {
      "attr_path": "gcc",
      "broken": false,
      "derivation": "/nix/store/mkfdpq06yl2cc7pglhg9xp9ss0sdq041-gcc-wrapper-14.3.0.drv",
      "description": "GNU Compiler Collection, version 14.3.0 (wrapper script)",
      "install_id": "gcc",
      "license": "GPL-3.0-or-later",
      "locked_url": "https://github.com/flox/nixpkgs?rev=c0b0e0fddf73fd517c3471e546c0df87a42d53f4",
      "name": "gcc-wrapper-14.3.0",
      "pname": "gcc",
      "rev": "c0b0e0fddf73fd517c3471e546c0df87a42d53f4",
      "rev_count": 917670,
      "rev_date": "2025-12-28T06:08:05Z",
      "scrape_date": "2025-12-29T03:18:01.921640Z",
      "stabilities": [
        "unstable"
      ],
      "unfree": false,
      "version": "14.3.0",
      "outputs_to_install": [
        "man",
        "out",
        "out",
        "out"
      ],
      "outputs": {
        "info": "/nix/store/ibhizkj7d278admccd3b6d3cab5ny147-gcc-wrapper-14.3.0-info",
        "man": "/nix/store/2f2wsf8vcd02j3lzjmvp21cw8gx1aj4m-gcc-wrapper-14.3.0-man",
        "out": "/nix/store/48ywmq5vl4jld47z5f1p662vwi0anw6y-gcc-wrapper-14.3.0"
      },
      "system": "aarch64-linux",
      "group": "toplevel",
      "priority": 5
    },
    {
      "attr_path": "gcc",
      "broken": false,
      "derivation": "/nix/store/4qlw26c5k1xxr02zf01whgliqpziwvgb-gcc-wrapper-14.3.0.drv",
      "description": "GNU Compiler Collection, version 14.3.0 (wrapper script)",
      "install_id": "gcc",
      "license": "GPL-3.0-or-later",
      "locked_url": "https://github.com/flox/nixpkgs?rev=c0b0e0fddf73fd517c3471e546c0df87a42d53f4",
      "name": "gcc-wrapper-14.3.0",
      "pname": "gcc",
      "rev": "c0b0e0fddf73fd517c3471e546c0df87a42d53f4",
      "rev_count": 917670,
      "rev_date": "2025-12-28T06:08:05Z",
      "scrape_date": "2025-12-29T03:34:54.363587Z",
      "stabilities": [
        "unstable"
      ],
      "unfree": false,
      "version": "14.3.0",
      "outputs_to_install": [
        "man",
        "out"
      ],
      "outputs": {
        "info": "/nix/store/yw6b0v6ck58rhflv2fl729p4d4kc7am2-gcc-wrapper-14.3.0-info",
        "man": "/nix/store/r2j5jn249yfy4mi8r3mc8qfpxvhcc5b6-gcc-wrapper-14.3.0-man",
        "out": "/nix/store/rx0314wlamy1kqwq1ya539ng8njwbznz-gcc-wrapper-14.3.0"
      },
      "system": "x86_64-darwin",
      "group": "toplevel",
      "priority": 5
    },
    {
      "attr_path": "gcc",
      "broken": false,
      "derivation": "/nix/store/xd09z9hp96djzb97y37k6pfmd12w3509-gcc-wrapper-14.3.0.drv",
      "description": "GNU Compiler Collection, version 14.3.0 (wrapper script)",
      "install_id": "gcc",
      "license": "GPL-3.0-or-later",
      "locked_url": "https://github.com/flox/nixpkgs?rev=c0b0e0fddf73fd517c3471e546c0df87a42d53f4",
      "name": "gcc-wrapper-14.3.0",
      "pname": "gcc",
      "rev": "c0b0e0fddf73fd517c3471e546c0df87a42d53f4",
      "rev_count": 917670,
      "rev_date": "2025-12-28T06:08:05Z",
      "scrape_date": "2025-12-29T03:50:19.664923Z",
      "stabilities": [
        "unstable"
      ],
      "unfree": false,
      "version": "14.3.0",
      "outputs_to_install": [
        "man",
        "man",
        "out",
        "out",
        "out",
        "out",
        "out",
        "out"
      ],
      "outputs": {
        "info": "/nix/store/3rfwb68rg2nna0b4cj222wyz5iwkgkww-gcc-wrapper-14.3.0-info",
        "man": "/nix/store/bb8rnwrvpa8z5x3yxr9sndqs31zl11bc-gcc-wrapper-14.3.0-man",
        "out": "/nix/store/vr15iyyykg9zai6fpgvhcgyw7gckl78w-gcc-wrapper-14.3.0"
      },
      "system": "x86_64-linux",
      "group": "toplevel",
      "priority": 5
    },
    {
      "attr_path": "git-lfs",
      "broken": false,
      "derivation": "/nix/store/2jby61mkcmfz5sjhchr74h2n5d6iqj9y-git-lfs-3.7.1.drv",
      "description": "Git extension for versioning large files",
      "install_id": "git-lfs",
      "license": "MIT",
      "locked_url": "https://github.com/flox/nixpkgs?rev=c0b0e0fddf73fd517c3471e546c0df87a42d53f4",
      "name": "git-lfs-3.7.1",
      "pname": "git-lfs",
      "rev": "c0b0e0fddf73fd517c3471e546c0df87a42d53f4",
      "rev_count": 917670,
      "rev_date": "2025-12-28T06:08:05Z",
      "scrape_date": "2025-12-29T03:02:39.195886Z",
      "stabilities": [
        "unstable"
      ],
      "unfree": false,
      "version": "3.7.1",
      "outputs_to_install": [
        "out"
      ],
      "outputs": {
        "out": "/nix/store/1z3jjazgw53y69kxj04miwf82h1wv8lv-git-lfs-3.7.1"
      },
      "system": "aarch64-darwin",
      "group": "toplevel",
      "priority": 5
    },
    {
      "attr_path": "git-lfs",
      "broken": false,
      "derivation": "/nix/store/s8gq4cpz79xlzc8y8pjccnvd8g60yicd-git-lfs-3.7.1.drv",
      "description": "Git extension for versioning large files",
      "install_id": "git-lfs",
      "license": "MIT",
      "locked_url": "https://github.com/flox/nixpkgs?rev=c0b0e0fddf73fd517c3471e546c0df87a42d53f4",
      "name": "git-lfs-3.7.1",
      "pname": "git-lfs",
      "rev": "c0b0e0fddf73fd517c3471e546c0df87a42d53f4",
      "rev_count": 917670,
      "rev_date": "2025-12-28T06:08:05Z",
      "scrape_date": "2025-12-29T03:18:02.065885Z",
      "stabilities": [
        "unstable"
      ],
      "unfree": false,
      "version": "3.7.1",
      "outputs_to_install": [
        "out"
      ],
      "outputs": {
        "out": "/nix/store/iwc65w2zcc62gz06n8bqdf84ydxm9nn0-git-lfs-3.7.1"
      },
      "system": "aarch64-linux",
      "group": "toplevel",
      "priority": 5
    },
    {
      "attr_path": "git-lfs",
      "broken": false,
      "derivation": "/nix/store/34iz547d9d8n7d3f14s9bhlsf8cjs4xn-git-lfs-3.7.1.drv",
      "description": "Git extension for versioning large files",
      "install_id": "git-lfs",
      "license": "MIT",
      "locked_url": "https://github.com/flox/nixpkgs?rev=c0b0e0fddf73fd517c3471e546c0df87a42d53f4",
      "name": "git-lfs-3.7.1",
      "pname": "git-lfs",
      "rev": "c0b0e0fddf73fd517c3471e546c0df87a42d53f4",
      "rev_count": 917670,
      "rev_date": "2025-12-28T06:08:05Z",
      "scrape_date": "2025-12-29T03:34:54.465364Z",
      "stabilities": [
        "unstable"
      ],
      "unfree": false,
      "version": "3.7.1",
      "outputs_to_install": [
        "out"
      ],
      "outputs": {
        "out": "/nix/store/7sx8df8xs475432ksb700gl51wasavnn-git-lfs-3.7.1"
      },
      "system": "x86_64-darwin",
      "group": "toplevel",
      "priority": 5
    },
    {
      "attr_path": "git-lfs",
      "broken": false,
      "derivation": "/nix/store/xkzv5f7q9nr8ignsm433xz1mzqv6bdis-git-lfs-3.7.1.drv",
      "description": "Git extension for versioning large files",
      "install_id": "git-lfs",
      "license": "MIT",
      "locked_url": "https://github.com/flox/nixpkgs?rev=c0b0e0fddf73fd517c3471e546c0df87a42d53f4",
      "name": "git-lfs-3.7.1",
      "pname": "git-lfs",
      "rev": "c0b0e0fddf73fd517c3471e546c0df87a42d53f4",
      "rev_count": 917670,
      "rev_date": "2025-12-28T06:08:05Z",
      "scrape_date": "2025-12-29T03:50:19.822145Z",
      "stabilities": [
        "unstable"
      ],
      "unfree": false,
      "version": "3.7.1",
      "outputs_to_install": [
        "out"
      ],
      "outputs": {
        "out": "/nix/store/pbpaldw534z1bwrxns5ah98adpwwk9ck-git-lfs-3.7.1"
      },
      "system": "x86_64-linux",
      "group": "toplevel",
      "priority": 5
    },
    {
      "attr_path": "python312Packages.mido",
      "broken": false,
      "derivation": "/nix/store/aw64cbzv539smd99v769mhdfsv14c011-python3.12-mido-1.3.3.drv",
      "description": "MIDI Objects for Python",
      "install_id": "mido",
      "license": "MIT",
      "locked_url": "https://github.com/flox/nixpkgs?rev=c0b0e0fddf73fd517c3471e546c0df87a42d53f4",
      "name": "python3.12-mido-1.3.3",
      "pname": "mido",
      "rev": "c0b0e0fddf73fd517c3471e546c0df87a42d53f4",
      "rev_count": 917670,
      "rev_date": "2025-12-28T06:08:05Z",
      "scrape_date": "2025-12-29T03:03:23.602888Z",
      "stabilities": [
        "unstable"
      ],
      "unfree": false,
      "version": "1.3.3",
      "outputs_to_install": [
        "out"
      ],
      "outputs": {
        "dist": "/nix/store/ak5vrjzcapazh94lw4pn0asqlc4ffj03-python3.12-mido-1.3.3-dist",
        "out": "/nix/store/sdzkgyn25zqgvcysymh66avylc7k084n-python3.12-mido-1.3.3"
      },
      "system": "aarch64-darwin",
      "group": "toplevel",
      "priority": 5
    },
    {
      "attr_path": "python312Packages.mido",
      "broken": false,
      "derivation": "/nix/store/1r15gba4lyyqmrmaj5zhv5b47hp6mvgw-python3.12-mido-1.3.3.drv",
      "description": "MIDI Objects for Python",
      "install_id": "mido",
      "license": "MIT",
      "locked_url": "https://github.com/flox/nixpkgs?rev=c0b0e0fddf73fd517c3471e546c0df87a42d53f4",
      "name": "python3.12-mido-1.3.3",
      "pname": "mido",
      "rev": "c0b0e0fddf73fd517c3471e546c0df87a42d53f4",
      "rev_count": 917670,
      "rev_date": "2025-12-28T06:08:05Z",
      "scrape_date": "2025-12-29T03:19:13.391117Z",
      "stabilities": [
        "unstable"
      ],
      "unfree": false,
      "version": "1.3.3",
      "outputs_to_install": [
        "out"
      ],
      "outputs": {
        "dist": "/nix/store/pf3l8j9fcycsm67ccxcp7q9860q36bgx-python3.12-mido-1.3.3-dist",
        "out": "/nix/store/g8580jxg54xim3z1832s3rvc2xgrknlh-python3.12-mido-1.3.3"
      },
      "system": "aarch64-linux",
      "group": "toplevel",
      "priority": 5
    },
    {
      "attr_path": "python312Packages.mido",
      "broken": false,
      "derivation": "/nix/store/yn5n77d7rbgdpgm4ligaxl40ggbbm2j5-python3.12-mido-1.3.3.drv",
      "description": "MIDI Objects for Python",
      "install_id": "mido",
      "license": "MIT",
      "locked_url": "https://github.com/flox/nixpkgs?rev=c0b0e0fddf73fd517c3471e546c0df87a42d53f4",
      "name": "python3.12-mido-1.3.3",
      "pname": "mido",
      "rev": "c0b0e0fddf73fd517c3471e546c0df87a42d53f4",
      "rev_count": 917670,
      "rev_date": "2025-12-28T06:08:05Z",
      "scrape_date": "2025-12-29T03:35:43.044480Z",
      "stabilities": [
        "unstable"
      ],
      "unfree": false,
      "version": "1.3.3",
      "outputs_to_install": [
        "out"
      ],
      "outputs": {
        "dist": "/nix/store/yiixmzvy0sf0rd60x15mw623qzvr8rwf-python3.12-mido-1.3.3-dist",
        "out": "/nix/store/gyvsmkc99xf7z9x44dnb4s2xzllzd58d-python3.12-mido-1.3.3"
      },
      "system": "x86_64-darwin",
      "group": "toplevel",
      "priority": 5
    },
    {
      "attr_path": "python312Packages.mido",
      "broken": false,
      "derivation": "/nix/store/bbd08nnhglyfv457pkhlxjp6b7h2v9hc-python3.12-mido-1.3.3.drv",
      "description": "MIDI Objects for Python",
      "install_id": "mido",
      "license": "MIT",
      "locked_url": "https://github.com/flox/nixpkgs?rev=c0b0e0fddf73fd517c3471e546c0df87a42d53f4",
      "name": "python3.12-mido-1.3.3",
      "pname": "mido",
      "rev": "c0b0e0fddf73fd517c3471e546c0df87a42d53f4",
      "rev_count": 917670,
      "rev_date": "2025-12-28T06:08:05Z",
      "scrape_date": "2025-12-29T03:51:32.164417Z",
      "stabilities": [
        "unstable"
      ],
      "unfree": false,
      "version": "1.3.3",
      "outputs_to_install": [
        "out"
      ],
      "outputs": {
        "dist": "/nix/store/ys5h3wix3dy8s5b2pdnf4b5fad4pa1n8-python3.12-mido-1.3.3-dist",
        "out": "/nix/store/pr9hfccj19dn9z3as1r1c5nf3cfj43gv-python3.12-mido-1.3.3"
      },
      "system": "x86_64-linux",
      "group": "toplevel",
      "priority": 5
    },
    {
      "attr_path": "pkg-config",
      "broken": false,
      "derivation": "/nix/store/74jzm42jgz4bqnimfywbh3x27kw60bza-pkg-config-wrapper-0.29.2.drv",
      "description": "Tool that allows packages to find out information about other packages (wrapper script)",
      "install_id": "pkg-config",
      "license": "GPL-2.0-or-later",
      "locked_url": "https://github.com/flox/nixpkgs?rev=c0b0e0fddf73fd517c3471e546c0df87a42d53f4",
      "name": "pkg-config-wrapper-0.29.2",
      "pname": "pkg-config",
      "rev": "c0b0e0fddf73fd517c3471e546c0df87a42d53f4",
      "rev_count": 917670,
      "rev_date": "2025-12-28T06:08:05Z",
      "scrape_date": "2025-12-29T03:03:13.867956Z",
      "stabilities": [
        "unstable"
      ],
      "unfree": false,
      "version": "0.29.2",
      "outputs_to_install": [
        "man",
        "out"
      ],
      "outputs": {
        "doc": "/nix/store/hqk44ra6qxw7iixardl6c3hdgb9kq6ns-pkg-config-wrapper-0.29.2-doc",
        "man": "/nix/store/9px0sji43x3r2w4zxl3j3idwsql7lwxx-pkg-config-wrapper-0.29.2-man",
        "out": "/nix/store/hygaaqwk9ylklp0ybwppqhw75nz8ya41-pkg-config-wrapper-0.29.2"
      },
      "system": "aarch64-darwin",
      "group": "toplevel",
      "priority": 5
    },
    {
      "attr_path": "pkg-config",
      "broken": false,
      "derivation": "/nix/store/dygh1q8b74214b8c1rvgd4kv65z1v9a4-pkg-config-wrapper-0.29.2.drv",
      "description": "Tool that allows packages to find out information about other packages (wrapper script)",
      "install_id": "pkg-config",
      "license": "GPL-2.0-or-later",
      "locked_url": "https://github.com/flox/nixpkgs?rev=c0b0e0fddf73fd517c3471e546c0df87a42d53f4",
      "name": "pkg-config-wrapper-0.29.2",
      "pname": "pkg-config",
      "rev": "c0b0e0fddf73fd517c3471e546c0df87a42d53f4",
      "rev_count": 917670,
      "rev_date": "2025-12-28T06:08:05Z",
      "scrape_date": "2025-12-29T03:18:58.819183Z",
      "stabilities": [
        "unstable"
      ],
      "unfree": false,
      "version": "0.29.2",
      "outputs_to_install": [
        "man",
        "out",
        "out",
        "out"
      ],
      "outputs": {
        "doc": "/nix/store/0y4v51ndpyvkj09hwlfqkz0c3h17zfmc-pkg-config-wrapper-0.29.2-doc",
        "man": "/nix/store/10060k24qggqyzlwdsfmni9y32zxcg0j-pkg-config-wrapper-0.29.2-man",
        "out": "/nix/store/lbiigi8qbp7mzf1lpr7p982l1kyf01ql-pkg-config-wrapper-0.29.2"
      },
      "system": "aarch64-linux",
      "group": "toplevel",
      "priority": 5
    },
    {
      "attr_path": "pkg-config",
      "broken": false,
      "derivation": "/nix/store/waqldwa2is062f6gj65wa4chajjyrj9a-pkg-config-wrapper-0.29.2.drv",
      "description": "Tool that allows packages to find out information about other packages (wrapper script)",
      "install_id": "pkg-config",
      "license": "GPL-2.0-or-later",
      "locked_url": "https://github.com/flox/nixpkgs?rev=c0b0e0fddf73fd517c3471e546c0df87a42d53f4",
      "name": "pkg-config-wrapper-0.29.2",
      "pname": "pkg-config",
      "rev": "c0b0e0fddf73fd517c3471e546c0df87a42d53f4",
      "rev_count": 917670,
      "rev_date": "2025-12-28T06:08:05Z",
      "scrape_date": "2025-12-29T03:35:32.550153Z",
      "stabilities": [
        "unstable"
      ],
      "unfree": false,
      "version": "0.29.2",
      "outputs_to_install": [
        "man",
        "out"
      ],
      "outputs": {
        "doc": "/nix/store/7lq1axxwrafwljs06n88bzyz9w523rkc-pkg-config-wrapper-0.29.2-doc",
        "man": "/nix/store/1nyspra675q22gfhf7hn2nmfpi6rgim5-pkg-config-wrapper-0.29.2-man",
        "out": "/nix/store/vknadizq0q5kffvx6y4379p9gdry9zq3-pkg-config-wrapper-0.29.2"
      },
      "system": "x86_64-darwin",
      "group": "toplevel",
      "priority": 5
    },
    {
      "attr_path": "pkg-config",
      "broken": false,
      "derivation": "/nix/store/a3qfrzrb2jbdh7fyys62z2x2hdsrl6kd-pkg-config-wrapper-0.29.2.drv",
      "description": "Tool that allows packages to find out information about other packages (wrapper script)",
      "install_id": "pkg-config",
      "license": "GPL-2.0-or-later",
      "locked_url": "https://github.com/flox/nixpkgs?rev=c0b0e0fddf73fd517c3471e546c0df87a42d53f4",
      "name": "pkg-config-wrapper-0.29.2",
      "pname": "pkg-config",
      "rev": "c0b0e0fddf73fd517c3471e546c0df87a42d53f4",
      "rev_count": 917670,
      "rev_date": "2025-12-28T06:08:05Z",
      "scrape_date": "2025-12-29T03:51:18.329434Z",
      "stabilities": [
        "unstable"
      ],
      "unfree": false,
      "version": "0.29.2",
      "outputs_to_install": [
        "man",
        "out",
        "out",
        "out",
        "out",
        "out"
      ],
      "outputs": {
        "doc": "/nix/store/x3bypxdxaq20kykybhkf21x4jczsiy8y-pkg-config-wrapper-0.29.2-doc",
        "man": "/nix/store/j9xfpnrygg3v37svc5pfin9q5bm49r94-pkg-config-wrapper-0.29.2-man",
        "out": "/nix/store/8vdiwpbh0g4avsd6x5v4s0di32vcl3dp-pkg-config-wrapper-0.29.2"
      },
      "system": "x86_64-linux",
      "group": "toplevel",
      "priority": 5
    }
  ]
}
